
Microsoft Visual Studio Solution File, Format Version 12.00
# Visual Studio Version 17
VisualStudioVersion = 17.1.32228.430
MinimumVisualStudioVersion = 10.0.40219.1
Project("{FAE04EC0-301F-11D3-BF4B-00C04F79EFBC}") = "CLBuilder", "CLBuilder\CLBuilder.csproj", "{FFD0F02B-01DA-4445-BB5F-5D48B8BCFD83}"
EndProject
Global
	GlobalSection(SolutionConfigurationPlatforms) = preSolution
		Debug|Any CPU = Debug|Any CPU
		Release|Any CPU = Release|Any CPU
	EndGlobalSection
	GlobalSection(ProjectConfigurationPlatforms) = postSolution
		{FFD0F02B-01DA-4445-BB5F-5D48B8BCFD83}.Debug|Any CPU.ActiveCfg = Debug|Any CPU
		{FFD0F02B-01DA-4445-BB5F-5D48B8BCFD83}.Debug|Any CPU.Build.0 = Debug|Any CPU
		{FFD0F02B-01DA-4445-BB5F-5D48B8BCFD83}.Release|Any CPU.ActiveCfg = Release|Any CPU
		{FFD0F02B-01DA-4445-BB5F-5D48B8BCFD83}.Release|Any CPU.Build.0 = Release|Any CPU
	EndGlobalSection
	GlobalSection(SolutionProperties) = preSolution
		HideSolutionNode = FALSE
	EndGlobalSection
	GlobalSection(ExtensibilityGlobals) = postSolution
		SolutionGuid = {1C0D99B7-5D68-4D6A-A6FF-E0C0B40B094F}
	EndGlobalSection
	GlobalSection(AutomaticVersions) = postSolution
		UpdateAssemblyVersion.Debug|Any CPU = False
		UpdateAssemblyFileVersion.Debug|Any CPU = False
		UpdateAssemblyInfoVersion.Debug|Any CPU = False
		UpdatePackageVersion.Debug|Any CPU = False
		AssemblyInfoVersionType.Debug|Any CPU = SettingsVersion
		InheritWinAppVersionFrom.Debug|Any CPU = None
		PrimaryVersionType = AssemblyInfoVersionAttribute
		UpdateAssemblyVersion = True
		UpdateAssemblyFileVersion = True
		UpdateAssemblyInfoVersion = True
		ShouldCreateLogs = True
		AdvancedSettingsExpanded = True
		AssemblyVersionSettings = None.IncrementOnDemand.IncrementWithResetOnIncrease.DateStamp
		AssemblyFileVersionSettings = None.IncrementOnDemand.IncrementWithResetOnIncrease.DateStamp
		UpdatePackageVersion = False
		AssemblyInfoVersionSemVerSettings = AssemblyVersion.IncrementWithAutoReset.None
		AssemblyInfoVersionType = SemVer1
		InheritWinAppVersionFrom = None
	EndGlobalSection
EndGlobal
